// !$*UTF8*$!
{
	archiveVersion = 1;
	classes = {
	};
	objectVersion = 56;
	objects = {

/* Begin PBXBuildFile section */
		5816968829B7C46100CE9BA8 /* AppDelegate.swift in Sources */ = {isa = PBXBuildFile; fileRef = 5816968729B7C46100CE9BA8 /* AppDelegate.swift */; };
		5816968A29B7C46100CE9BA8 /* SceneDelegate.swift in Sources */ = {isa = PBXBuildFile; fileRef = 5816968929B7C46100CE9BA8 /* SceneDelegate.swift */; };
		5816968C29B7C46100CE9BA8 /* ViewController.swift in Sources */ = {isa = PBXBuildFile; fileRef = 5816968B29B7C46100CE9BA8 /* ViewController.swift */; };
		5816968F29B7C46100CE9BA8 /* Main.storyboard in Resources */ = {isa = PBXBuildFile; fileRef = 5816968D29B7C46100CE9BA8 /* Main.storyboard */; };
		5816969129B7C46400CE9BA8 /* Assets.xcassets in Resources */ = {isa = PBXBuildFile; fileRef = 5816969029B7C46400CE9BA8 /* Assets.xcassets */; };
		5816969429B7C46400CE9BA8 /* LaunchScreen.storyboard in Resources */ = {isa = PBXBuildFile; fileRef = 5816969229B7C46400CE9BA8 /* LaunchScreen.storyboard */; };
		5816969F29B7C46400CE9BA8 /* githubPruebaTests.swift in Sources */ = {isa = PBXBuildFile; fileRef = 5816969E29B7C46400CE9BA8 /* githubPruebaTests.swift */; };
		581696A929B7C46400CE9BA8 /* githubPruebaUITests.swift in Sources */ = {isa = PBXBuildFile; fileRef = 581696A829B7C46400CE9BA8 /* githubPruebaUITests.swift */; };
		581696AB29B7C46400CE9BA8 /* githubPruebaUITestsLaunchTests.swift in Sources */ = {isa = PBXBuildFile; fileRef = 581696AA29B7C46400CE9BA8 /* githubPruebaUITestsLaunchTests.swift */; };
/* End PBXBuildFile section */

/* Begin PBXContainerItemProxy section */
		5816969B29B7C46400CE9BA8 /* PBXContainerItemProxy */ = {
			isa = PBXContainerItemProxy;
			containerPortal = 5816967C29B7C46100CE9BA8 /* Project object */;
			proxyType = 1;
			remoteGlobalIDString = 5816968329B7C46100CE9BA8;
			remoteInfo = githubPrueba;
		};
		581696A529B7C46400CE9BA8 /* PBXContainerItemProxy */ = {
			isa = PBXContainerItemProxy;
			containerPortal = 5816967C29B7C46100CE9BA8 /* Project object */;
			proxyType = 1;
			remoteGlobalIDString = 5816968329B7C46100CE9BA8;
			remoteInfo = githubPrueba;
		};
/* End PBXContainerItemProxy section */

/* Begin PBXFileReference section */
		5816968429B7C46100CE9BA8 /* githubPrueba.app */ = {isa = PBXFileReference; explicitFileType = wrapper.application; includeInIndex = 0; path = githubPrueba.app; sourceTree = BUILT_PRODUCTS_DIR; };
		5816968729B7C46100CE9BA8 /* AppDelegate.swift */ = {isa = PBXFileReference; lastKnownFileType = sourcecode.swift; path = AppDelegate.swift; sourceTree = "<group>"; };
		5816968929B7C46100CE9BA8 /* SceneDelegate.swift */ = {isa = PBXFileReference; lastKnownFileType = sourcecode.swift; path = SceneDelegate.swift; sourceTree = "<group>"; };
		5816968B29B7C46100CE9BA8 /* ViewController.swift */ = {isa = PBXFileReference; lastKnownFileType = sourcecode.swift; path = ViewController.swift; sourceTree = "<group>"; };
		5816968E29B7C46100CE9BA8 /* Base */ = {isa = PBXFileReference; lastKnownFileType = file.storyboard; name = Base; path = Base.lproj/Main.storyboard; sourceTree = "<group>"; };
		5816969029B7C46400CE9BA8 /* Assets.xcassets */ = {isa = PBXFileReference; lastKnownFileType = folder.assetcatalog; path = Assets.xcassets; sourceTree = "<group>"; };
		5816969329B7C46400CE9BA8 /* Base */ = {isa = PBXFileReference; lastKnownFileType = file.storyboard; name = Base; path = Base.lproj/LaunchScreen.storyboard; sourceTree = "<group>"; };
		5816969529B7C46400CE9BA8 /* Info.plist */ = {isa = PBXFileReference; lastKnownFileType = text.plist.xml; path = Info.plist; sourceTree = "<group>"; };
		5816969A29B7C46400CE9BA8 /* githubPruebaTests.xctest */ = {isa = PBXFileReference; explicitFileType = wrapper.cfbundle; includeInIndex = 0; path = githubPruebaTests.xctest; sourceTree = BUILT_PRODUCTS_DIR; };
		5816969E29B7C46400CE9BA8 /* githubPruebaTests.swift */ = {isa = PBXFileReference; lastKnownFileType = sourcecode.swift; path = githubPruebaTests.swift; sourceTree = "<group>"; };
		581696A429B7C46400CE9BA8 /* githubPruebaUITests.xctest */ = {isa = PBXFileReference; explicitFileType = wrapper.cfbundle; includeInIndex = 0; path = githubPruebaUITests.xctest; sourceTree = BUILT_PRODUCTS_DIR; };
		581696A829B7C46400CE9BA8 /* githubPruebaUITests.swift */ = {isa = PBXFileReference; lastKnownFileType = sourcecode.swift; path = githubPruebaUITests.swift; sourceTree = "<group>"; };
		581696AA29B7C46400CE9BA8 /* githubPruebaUITestsLaunchTests.swift */ = {isa = PBXFileReference; lastKnownFileType = sourcecode.swift; path = githubPruebaUITestsLaunchTests.swift; sourceTree = "<group>"; };
/* End PBXFileReference section */

/* Begin PBXFrameworksBuildPhase section */
		5816968129B7C46100CE9BA8 /* Frameworks */ = {
			isa = PBXFrameworksBuildPhase;
			buildActionMask = 2147483647;
			files = (
			);
			runOnlyForDeploymentPostprocessing = 0;
		};
		5816969729B7C46400CE9BA8 /* Frameworks */ = {
			isa = PBXFrameworksBuildPhase;
			buildActionMask = 2147483647;
			files = (
			);
			runOnlyForDeploymentPostprocessing = 0;
		};
		581696A129B7C46400CE9BA8 /* Frameworks */ = {
			isa = PBXFrameworksBuildPhase;
			buildActionMask = 2147483647;
			files = (
			);
			runOnlyForDeploymentPostprocessing = 0;
		};
/* End PBXFrameworksBuildPhase section */

/* Begin PBXGroup section */
		5816967B29B7C46100CE9BA8 = {
			isa = PBXGroup;
			children = (
				5816968629B7C46100CE9BA8 /* githubPrueba */,
				5816969D29B7C46400CE9BA8 /* githubPruebaTests */,
				581696A729B7C46400CE9BA8 /* githubPruebaUITests */,
				5816968529B7C46100CE9BA8 /* Products */,
			);
			sourceTree = "<group>";
		};
		5816968529B7C46100CE9BA8 /* Products */ = {
			isa = PBXGroup;
			children = (
				5816968429B7C46100CE9BA8 /* githubPrueba.app */,
				5816969A29B7C46400CE9BA8 /* githubPruebaTests.xctest */,
				581696A429B7C46400CE9BA8 /* githubPruebaUITests.xctest */,
			);
			name = Products;
			sourceTree = "<group>";
		};
		5816968629B7C46100CE9BA8 /* githubPrueba */ = {
			isa = PBXGroup;
			children = (
				5816968729B7C46100CE9BA8 /* AppDelegate.swift */,
				5816968929B7C46100CE9BA8 /* SceneDelegate.swift */,
				5816968B29B7C46100CE9BA8 /* ViewController.swift */,
				5816968D29B7C46100CE9BA8 /* Main.storyboard */,
				5816969029B7C46400CE9BA8 /* Assets.xcassets */,
				5816969229B7C46400CE9BA8 /* LaunchScreen.storyboard */,
				5816969529B7C46400CE9BA8 /* Info.plist */,
			);
			path = githubPrueba;
			sourceTree = "<group>";
		};
		5816969D29B7C46400CE9BA8 /* githubPruebaTests */ = {
			isa = PBXGroup;
			children = (
				5816969E29B7C46400CE9BA8 /* githubPruebaTests.swift */,
			);
			path = githubPruebaTests;
			sourceTree = "<group>";
		};
		581696A729B7C46400CE9BA8 /* githubPruebaUITests */ = {
			isa = PBXGroup;
			children = (
				581696A829B7C46400CE9BA8 /* githubPruebaUITests.swift */,
				581696AA29B7C46400CE9BA8 /* githubPruebaUITestsLaunchTests.swift */,
			);
			path = githubPruebaUITests;
			sourceTree = "<group>";
		};
/* End PBXGroup section */

/* Begin PBXNativeTarget section */
		5816968329B7C46100CE9BA8 /* githubPrueba */ = {
			isa = PBXNativeTarget;
			buildConfigurationList = 581696AE29B7C46400CE9BA8 /* Build configuration list for PBXNativeTarget "githubPrueba" */;
			buildPhases = (
				5816968029B7C46100CE9BA8 /* Sources */,
				5816968129B7C46100CE9BA8 /* Frameworks */,
				5816968229B7C46100CE9BA8 /* Resources */,
			);
			buildRules = (
			);
			dependencies = (
			);
			name = githubPrueba;
			productName = githubPrueba;
			productReference = 5816968429B7C46100CE9BA8 /* githubPrueba.app */;
			productType = "com.apple.product-type.application";
		};
		5816969929B7C46400CE9BA8 /* githubPruebaTests */ = {
			isa = PBXNativeTarget;
			buildConfigurationList = 581696B129B7C46400CE9BA8 /* Build configuration list for PBXNativeTarget "githubPruebaTests" */;
			buildPhases = (
				5816969629B7C46400CE9BA8 /* Sources */,
				5816969729B7C46400CE9BA8 /* Frameworks */,
				5816969829B7C46400CE9BA8 /* Resources */,
			);
			buildRules = (
			);
			dependencies = (
				5816969C29B7C46400CE9BA8 /* PBXTargetDependency */,
			);
			name = githubPruebaTests;
			productName = githubPruebaTests;
			productReference = 5816969A29B7C46400CE9BA8 /* githubPruebaTests.xctest */;
			productType = "com.apple.product-type.bundle.unit-test";
		};
		581696A329B7C46400CE9BA8 /* githubPruebaUITests */ = {
			isa = PBXNativeTarget;
			buildConfigurationList = 581696B429B7C46400CE9BA8 /* Build configuration list for PBXNativeTarget "githubPruebaUITests" */;
			buildPhases = (
				581696A029B7C46400CE9BA8 /* Sources */,
				581696A129B7C46400CE9BA8 /* Frameworks */,
				581696A229B7C46400CE9BA8 /* Resources */,
			);
			buildRules = (
			);
			dependencies = (
				581696A629B7C46400CE9BA8 /* PBXTargetDependency */,
			);
			name = githubPruebaUITests;
			productName = githubPruebaUITests;
			productReference = 581696A429B7C46400CE9BA8 /* githubPruebaUITests.xctest */;
			productType = "com.apple.product-type.bundle.ui-testing";
		};
/* End PBXNativeTarget section */

/* Begin PBXProject section */
		5816967C29B7C46100CE9BA8 /* Project object */ = {
			isa = PBXProject;
			attributes = {
				BuildIndependentTargetsInParallel = 1;
				LastSwiftUpdateCheck = 1420;
				LastUpgradeCheck = 1420;
				TargetAttributes = {
					5816968329B7C46100CE9BA8 = {
						CreatedOnToolsVersion = 14.2;
					};
					5816969929B7C46400CE9BA8 = {
						CreatedOnToolsVersion = 14.2;
						TestTargetID = 5816968329B7C46100CE9BA8;
					};
					581696A329B7C46400CE9BA8 = {
						CreatedOnToolsVersion = 14.2;
						TestTargetID = 5816968329B7C46100CE9BA8;
					};
				};
			};
			buildConfigurationList = 5816967F29B7C46100CE9BA8 /* Build configuration list for PBXProject "githubPrueba" */;
			compatibilityVersion = "Xcode 14.0";
			developmentRegion = en;
			hasScannedForEncodings = 0;
			knownRegions = (
				en,
				Base,
			);
			mainGroup = 5816967B29B7C46100CE9BA8;
			productRefGroup = 5816968529B7C46100CE9BA8 /* Products */;
			projectDirPath = "";
			projectRoot = "";
			targets = (
				5816968329B7C46100CE9BA8 /* githubPrueba */,
				5816969929B7C46400CE9BA8 /* githubPruebaTests */,
				581696A329B7C46400CE9BA8 /* githubPruebaUITests */,
			);
		};
/* End PBXProject section */

/* Begin PBXResourcesBuildPhase section */
		5816968229B7C46100CE9BA8 /* Resources */ = {
			isa = PBXResourcesBuildPhase;
			buildActionMask = 2147483647;
			files = (
				5816969429B7C46400CE9BA8 /* LaunchScreen.storyboard in Resources */,
				5816969129B7C46400CE9BA8 /* Assets.xcassets in Resources */,
				5816968F29B7C46100CE9BA8 /* Main.storyboard in Resources */,
			);
			runOnlyForDeploymentPostprocessing = 0;
		};
		5816969829B7C46400CE9BA8 /* Resources */ = {
			isa = PBXResourcesBuildPhase;
			buildActionMask = 2147483647;
			files = (
			);
			runOnlyForDeploymentPostprocessing = 0;
		};
		581696A229B7C46400CE9BA8 /* Resources */ = {
			isa = PBXResourcesBuildPhase;
			buildActionMask = 2147483647;
			files = (
			);
			runOnlyForDeploymentPostprocessing = 0;
		};
/* End PBXResourcesBuildPhase section */

/* Begin PBXSourcesBuildPhase section */
		5816968029B7C46100CE9BA8 /* Sources */ = {
			isa = PBXSourcesBuildPhase;
			buildActionMask = 2147483647;
			files = (
				5816968C29B7C46100CE9BA8 /* ViewController.swift in Sources */,
				5816968829B7C46100CE9BA8 /* AppDelegate.swift in Sources */,
				5816968A29B7C46100CE9BA8 /* SceneDelegate.swift in Sources */,
			);
			runOnlyForDeploymentPostprocessing = 0;
		};
		5816969629B7C46400CE9BA8 /* Sources */ = {
			isa = PBXSourcesBuildPhase;
			buildActionMask = 2147483647;
			files = (
				5816969F29B7C46400CE9BA8 /* githubPruebaTests.swift in Sources */,
			);
			runOnlyForDeploymentPostprocessing = 0;
		};
		581696A029B7C46400CE9BA8 /* Sources */ = {
			isa = PBXSourcesBuildPhase;
			buildActionMask = 2147483647;
			files = (
				581696AB29B7C46400CE9BA8 /* githubPruebaUITestsLaunchTests.swift in Sources */,
				581696A929B7C46400CE9BA8 /* githubPruebaUITests.swift in Sources */,
			);
			runOnlyForDeploymentPostprocessing = 0;
		};
/* End PBXSourcesBuildPhase section */

/* Begin PBXTargetDependency section */
		5816969C29B7C46400CE9BA8 /* PBXTargetDependency */ = {
			isa = PBXTargetDependency;
			target = 5816968329B7C46100CE9BA8 /* githubPrueba */;
			targetProxy = 5816969B29B7C46400CE9BA8 /* PBXContainerItemProxy */;
		};
		581696A629B7C46400CE9BA8 /* PBXTargetDependency */ = {
			isa = PBXTargetDependency;
			target = 5816968329B7C46100CE9BA8 /* githubPrueba */;
			targetProxy = 581696A529B7C46400CE9BA8 /* PBXContainerItemProxy */;
		};
/* End PBXTargetDependency section */

/* Begin PBXVariantGroup section */
		5816968D29B7C46100CE9BA8 /* Main.storyboard */ = {
			isa = PBXVariantGroup;
			children = (
				5816968E29B7C46100CE9BA8 /* Base */,
			);
			name = Main.storyboard;
			sourceTree = "<group>";
		};
		5816969229B7C46400CE9BA8 /* LaunchScreen.storyboard */ = {
			isa = PBXVariantGroup;
			children = (
				5816969329B7C46400CE9BA8 /* Base */,
			);
			name = LaunchScreen.storyboard;
			sourceTree = "<group>";
		};
/* End PBXVariantGroup section */

/* Begin XCBuildConfiguration section */
		581696AC29B7C46400CE9BA8 /* Debug */ = {
			isa = XCBuildConfiguration;
			buildSettings = {
				ALWAYS_SEARCH_USER_PATHS = NO;
				CLANG_ANALYZER_NONNULL = YES;
				CLANG_ANALYZER_NUMBER_OBJECT_CONVERSION = YES_AGGRESSIVE;
				CLANG_CXX_LANGUAGE_STANDARD = "gnu++20";
				CLANG_ENABLE_MODULES = YES;
				CLANG_ENABLE_OBJC_ARC = YES;
				CLANG_ENABLE_OBJC_WEAK = YES;
				CLANG_WARN_BLOCK_CAPTURE_AUTORELEASING = YES;
				CLANG_WARN_BOOL_CONVERSION = YES;
				CLANG_WARN_COMMA = YES;
				CLANG_WARN_CONSTANT_CONVERSION = YES;
				CLANG_WARN_DEPRECATED_OBJC_IMPLEMENTATIONS = YES;
				CLANG_WARN_DIRECT_OBJC_ISA_USAGE = YES_ERROR;
				CLANG_WARN_DOCUMENTATION_COMMENTS = YES;
				CLANG_WARN_EMPTY_BODY = YES;
				CLANG_WARN_ENUM_CONVERSION = YES;
				CLANG_WARN_INFINITE_RECURSION = YES;
				CLANG_WARN_INT_CONVERSION = YES;
				CLANG_WARN_NON_LITERAL_NULL_CONVERSION = YES;
				CLANG_WARN_OBJC_IMPLICIT_RETAIN_SELF = YES;
				CLANG_WARN_OBJC_LITERAL_CONVERSION = YES;
				CLANG_WARN_OBJC_ROOT_CLASS = YES_ERROR;
				CLANG_WARN_QUOTED_INCLUDE_IN_FRAMEWORK_HEADER = YES;
				CLANG_WARN_RANGE_LOOP_ANALYSIS = YES;
				CLANG_WARN_STRICT_PROTOTYPES = YES;
				CLANG_WARN_SUSPICIOUS_MOVE = YES;
				CLANG_WARN_UNGUARDED_AVAILABILITY = YES_AGGRESSIVE;
				CLANG_WARN_UNREACHABLE_CODE = YES;
				CLANG_WARN__DUPLICATE_METHOD_MATCH = YES;
				COPY_PHASE_STRIP = NO;
				DEBUG_INFORMATION_FORMAT = dwarf;
				ENABLE_STRICT_OBJC_MSGSEND = YES;
				ENABLE_TESTABILITY = YES;
				GCC_C_LANGUAGE_STANDARD = gnu11;
				GCC_DYNAMIC_NO_PIC = NO;
				GCC_NO_COMMON_BLOCKS = YES;
				GCC_OPTIMIZATION_LEVEL = 0;
				GCC_PREPROCESSOR_DEFINITIONS = (
					"DEBUG=1",
					"$(inherited)",
				);
				GCC_WARN_64_TO_32_BIT_CONVERSION = YES;
				GCC_WARN_ABOUT_RETURN_TYPE = YES_ERROR;
				GCC_WARN_UNDECLARED_SELECTOR = YES;
				GCC_WARN_UNINITIALIZED_AUTOS = YES_AGGRESSIVE;
				GCC_WARN_UNUSED_FUNCTION = YES;
				GCC_WARN_UNUSED_VARIABLE = YES;
				IPHONEOS_DEPLOYMENT_TARGET = 16.2;
				MTL_ENABLE_DEBUG_INFO = INCLUDE_SOURCE;
				MTL_FAST_MATH = YES;
				ONLY_ACTIVE_ARCH = YES;
				SDKROOT = iphoneos;
				SWIFT_ACTIVE_COMPILATION_CONDITIONS = DEBUG;
				SWIFT_OPTIMIZATION_LEVEL = "-Onone";
			};
			name = Debug;
		};
		581696AD29B7C46400CE9BA8 /* Release */ = {
			isa = XCBuildConfiguration;
			buildSettings = {
				ALWAYS_SEARCH_USER_PATHS = NO;
				CLANG_ANALYZER_NONNULL = YES;
				CLANG_ANALYZER_NUMBER_OBJECT_CONVERSION = YES_AGGRESSIVE;
				CLANG_CXX_LANGUAGE_STANDARD = "gnu++20";
				CLANG_ENABLE_MODULES = YES;
				CLANG_ENABLE_OBJC_ARC = YES;
				CLANG_ENABLE_OBJC_WEAK = YES;
				CLANG_WARN_BLOCK_CAPTURE_AUTORELEASING = YES;
				CLANG_WARN_BOOL_CONVERSION = YES;
				CLANG_WARN_COMMA = YES;
				CLANG_WARN_CONSTANT_CONVERSION = YES;
				CLANG_WARN_DEPRECATED_OBJC_IMPLEMENTATIONS = YES;
				CLANG_WARN_DIRECT_OBJC_ISA_USAGE = YES_ERROR;
				CLANG_WARN_DOCUMENTATION_COMMENTS = YES;
				CLANG_WARN_EMPTY_BODY = YES;
				CLANG_WARN_ENUM_CONVERSION = YES;
				CLANG_WARN_INFINITE_RECURSION = YES;
				CLANG_WARN_INT_CONVERSION = YES;
				CLANG_WARN_NON_LITERAL_NULL_CONVERSION = YES;
				CLANG_WARN_OBJC_IMPLICIT_RETAIN_SELF = YES;
				CLANG_WARN_OBJC_LITERAL_CONVERSION = YES;
				CLANG_WARN_OBJC_ROOT_CLASS = YES_ERROR;
				CLANG_WARN_QUOTED_INCLUDE_IN_FRAMEWORK_HEADER = YES;
				CLANG_WARN_RANGE_LOOP_ANALYSIS = YES;
				CLANG_WARN_STRICT_PROTOTYPES = YES;
				CLANG_WARN_SUSPICIOUS_MOVE = YES;
				CLANG_WARN_UNGUARDED_AVAILABILITY = YES_AGGRESSIVE;
				CLANG_WARN_UNREACHABLE_CODE = YES;
				CLANG_WARN__DUPLICATE_METHOD_MATCH = YES;
				COPY_PHASE_STRIP = NO;
				DEBUG_INFORMATION_FORMAT = "dwarf-with-dsym";
				ENABLE_NS_ASSERTIONS = NO;
				ENABLE_STRICT_OBJC_MSGSEND = YES;
				GCC_C_LANGUAGE_STANDARD = gnu11;
				GCC_NO_COMMON_BLOCKS = YES;
				GCC_WARN_64_TO_32_BIT_CONVERSION = YES;
				GCC_WARN_ABOUT_RETURN_TYPE = YES_ERROR;
				GCC_WARN_UNDECLARED_SELECTOR = YES;
				GCC_WARN_UNINITIALIZED_AUTOS = YES_AGGRESSIVE;
				GCC_WARN_UNUSED_FUNCTION = YES;
				GCC_WARN_UNUSED_VARIABLE = YES;
				IPHONEOS_DEPLOYMENT_TARGET = 16.2;
				MTL_ENABLE_DEBUG_INFO = NO;
				MTL_FAST_MATH = YES;
				SDKROOT = iphoneos;
				SWIFT_COMPILATION_MODE = wholemodule;
				SWIFT_OPTIMIZATION_LEVEL = "-O";
				VALIDATE_PRODUCT = YES;
			};
			name = Release;
		};
		581696AF29B7C46400CE9BA8 /* Debug */ = {
			isa = XCBuildConfiguration;
			buildSettings = {
				ASSETCATALOG_COMPILER_APPICON_NAME = AppIcon;
				ASSETCATALOG_COMPILER_GLOBAL_ACCENT_COLOR_NAME = AccentColor;
				CODE_SIGN_STYLE = Automatic;
				CURRENT_PROJECT_VERSION = 1;
				GENERATE_INFOPLIST_FILE = YES;
				INFOPLIST_FILE = githubPrueba/Info.plist;
				INFOPLIST_KEY_UIApplicationSupportsIndirectInputEvents = YES;
				INFOPLIST_KEY_UILaunchStoryboardName = LaunchScreen;
				INFOPLIST_KEY_UIMainStoryboardFile = Main;
				INFOPLIST_KEY_UISupportedInterfaceOrientations_iPad = "UIInterfaceOrientationPortrait UIInterfaceOrientationPortraitUpsideDown UIInterfaceOrientationLandscapeLeft UIInterfaceOrientationLandscapeRight";
				INFOPLIST_KEY_UISupportedInterfaceOrientations_iPhone = "UIInterfaceOrientationPortrait UIInterfaceOrientationLandscapeLeft UIInterfaceOrientationLandscapeRight";
				LD_RUNPATH_SEARCH_PATHS = (
					"$(inherited)",
					"@executable_path/Frameworks",
				);
				MARKETING_VERSION = 1.0;
				PRODUCT_BUNDLE_IDENTIFIER = acatlan.unam.mx.githubPrueba;
				PRODUCT_NAME = "$(TARGET_NAME)";
				SWIFT_EMIT_LOC_STRINGS = YES;
				SWIFT_VERSION = 5.0;
				TARGETED_DEVICE_FAMILY = "1,2";
			};
			name = Debug;
		};
		581696B029B7C46400CE9BA8 /* Release */ = {
			isa = XCBuildConfiguration;
			buildSettings = {
				ASSETCATALOG_COMPILER_APPICON_NAME = AppIcon;
				ASSETCATALOG_COMPILER_GLOBAL_ACCENT_COLOR_NAME = AccentColor;
				CODE_SIGN_STYLE = Automatic;
				CURRENT_PROJECT_VERSION = 1;
				GENERATE_INFOPLIST_FILE = YES;
				INFOPLIST_FILE = githubPrueba/Info.plist;
				INFOPLIST_KEY_UIApplicationSupportsIndirectInputEvents = YES;
				INFOPLIST_KEY_UILaunchStoryboardName = LaunchScreen;
				INFOPLIST_KEY_UIMainStoryboardFile = Main;
				INFOPLIST_KEY_UISupportedInterfaceOrientations_iPad = "UIInterfaceOrientationPortrait UIInterfaceOrientationPortraitUpsideDown UIInterfaceOrientationLandscapeLeft UIInterfaceOrientationLandscapeRight";
				INFOPLIST_KEY_UISupportedInterfaceOrientations_iPhone = "UIInterfaceOrientationPortrait UIInterfaceOrientationLandscapeLeft UIInterfaceOrientationLandscapeRight";
				LD_RUNPATH_SEARCH_PATHS = (
					"$(inherited)",
					"@executable_path/Frameworks",
				);
				MARKETING_VERSION = 1.0;
				PRODUCT_BUNDLE_IDENTIFIER = acatlan.unam.mx.githubPrueba;
				PRODUCT_NAME = "$(TARGET_NAME)";
				SWIFT_EMIT_LOC_STRINGS = YES;
				SWIFT_VERSION = 5.0;
				TARGETED_DEVICE_FAMILY = "1,2";
			};
			name = Release;
		};
		581696B229B7C46400CE9BA8 /* Debug */ = {
			isa = XCBuildConfiguration;
			buildSettings = {
				ALWAYS_EMBED_SWIFT_STANDARD_LIBRARIES = YES;
				BUNDLE_LOADER = "$(TEST_HOST)";
				CODE_SIGN_STYLE = Automatic;
				CURRENT_PROJECT_VERSION = 1;
				GENERATE_INFOPLIST_FILE = YES;
				IPHONEOS_DEPLOYMENT_TARGET = 16.2;
				MARKETING_VERSION = 1.0;
				PRODUCT_BUNDLE_IDENTIFIER = acatlan.unam.mx.githubPruebaTests;
				PRODUCT_NAME = "$(TARGET_NAME)";
				SWIFT_EMIT_LOC_STRINGS = NO;
				SWIFT_VERSION = 5.0;
				TARGETED_DEVICE_FAMILY = "1,2";
				TEST_HOST = "$(BUILT_PRODUCTS_DIR)/githubPrueba.app/$(BUNDLE_EXECUTABLE_FOLDER_PATH)/githubPrueba";
			};
			name = Debug;
		};
		581696B329B7C46400CE9BA8 /* Release */ = {
			isa = XCBuildConfiguration;
			buildSettings = {
				ALWAYS_EMBED_SWIFT_STANDARD_LIBRARIES = YES;
				BUNDLE_LOADER = "$(TEST_HOST)";
				CODE_SIGN_STYLE = Automatic;
				CURRENT_PROJECT_VERSION = 1;
				GENERATE_INFOPLIST_FILE = YES;
				IPHONEOS_DEPLOYMENT_TARGET = 16.2;
				MARKETING_VERSION = 1.0;
				PRODUCT_BUNDLE_IDENTIFIER = acatlan.unam.mx.githubPruebaTests;
				PRODUCT_NAME = "$(TARGET_NAME)";
				SWIFT_EMIT_LOC_STRINGS = NO;
				SWIFT_VERSION = 5.0;
				TARGETED_DEVICE_FAMILY = "1,2";
				TEST_HOST = "$(BUILT_PRODUCTS_DIR)/githubPrueba.app/$(BUNDLE_EXECUTABLE_FOLDER_PATH)/githubPrueba";
			};
			name = Release;
		};
		581696B529B7C46400CE9BA8 /* Debug */ = {
			isa = XCBuildConfiguration;
			buildSettings = {
				ALWAYS_EMBED_SWIFT_STANDARD_LIBRARIES = YES;
				CODE_SIGN_STYLE = Automatic;
				CURRENT_PROJECT_VERSION = 1;
				GENERATE_INFOPLIST_FILE = YES;
				MARKETING_VERSION = 1.0;
				PRODUCT_BUNDLE_IDENTIFIER = acatlan.unam.mx.githubPruebaUITests;
				PRODUCT_NAME = "$(TARGET_NAME)";
				SWIFT_EMIT_LOC_STRINGS = NO;
				SWIFT_VERSION = 5.0;
				TARGETED_DEVICE_FAMILY = "1,2";
				TEST_TARGET_NAME = githubPrueba;
			};
			name = Debug;
		};
		581696B629B7C46400CE9BA8 /* Release */ = {
			isa = XCBuildConfiguration;
			buildSettings = {
				ALWAYS_EMBED_SWIFT_STANDARD_LIBRARIES = YES;
				CODE_SIGN_STYLE = Automatic;
				CURRENT_PROJECT_VERSION = 1;
				GENERATE_INFOPLIST_FILE = YES;
				MARKETING_VERSION = 1.0;
				PRODUCT_BUNDLE_IDENTIFIER = acatlan.unam.mx.githubPruebaUITests;
				PRODUCT_NAME = "$(TARGET_NAME)";
				SWIFT_EMIT_LOC_STRINGS = NO;
				SWIFT_VERSION = 5.0;
				TARGETED_DEVICE_FAMILY = "1,2";
				TEST_TARGET_NAME = githubPrueba;
			};
			name = Release;
		};
/* End XCBuildConfiguration section */

/* Begin XCConfigurationList section */
		5816967F29B7C46100CE9BA8 /* Build configuration list for PBXProject "githubPrueba" */ = {
			isa = XCConfigurationList;
			buildConfigurations = (
				581696AC29B7C46400CE9BA8 /* Debug */,
				581696AD29B7C46400CE9BA8 /* Release */,
			);
			defaultConfigurationIsVisible = 0;
			defaultConfigurationName = Release;
		};
		581696AE29B7C46400CE9BA8 /* Build configuration list for PBXNativeTarget "githubPrueba" */ = {
			isa = XCConfigurationList;
			buildConfigurations = (
				581696AF29B7C46400CE9BA8 /* Debug */,
				581696B029B7C46400CE9BA8 /* Release */,
			);
			defaultConfigurationIsVisible = 0;
			defaultConfigurationName = Release;
		};
		581696B129B7C46400CE9BA8 /* Build configuration list for PBXNativeTarget "githubPruebaTests" */ = {
			isa = XCConfigurationList;
			buildConfigurations = (
				581696B229B7C46400CE9BA8 /* Debug */,
				581696B329B7C46400CE9BA8 /* Release */,
			);
			defaultConfigurationIsVisible = 0;
			defaultConfigurationName = Release;
		};
		581696B429B7C46400CE9BA8 /* Build configuration list for PBXNativeTarget "githubPruebaUITests" */ = {
			isa = XCConfigurationList;
			buildConfigurations = (
				581696B529B7C46400CE9BA8 /* Debug */,
				581696B629B7C46400CE9BA8 /* Release */,
			);
			defaultConfigurationIsVisible = 0;
			defaultConfigurationName = Release;
		};
/* End XCConfigurationList section */
	};
	rootObject = 5816967C29B7C46100CE9BA8 /* Project object */;
}
